Microsoft Visual Studio Solution File, Format Version 12.00
# Visual Studio Version 17
VisualStudioVersion = 17.5.2.0
MinimumVisualStudioVersion = 10.0.40219.1
Project("{2150E333-8FDC-42A3-9474-1A3956D46DE8}") = "api", "api", "{D82C56D6-B2CD-F611-9E31-04638F7EC30E}"
EndProject
Project("{FAE04EC0-301F-11D3-BF4B-00C04F79EFBC}") = "JobTracker.Api", "api\JobTracker.Api\JobTracker.Api.csproj", "{267F89C4-B29E-C5CC-1235-68C7880DEFE8}"
EndProject
Global
	GlobalSection(SolutionConfigurationPlatforms) = preSolution
		Debug|Any CPU = Debug|Any CPU
		Release|Any CPU = Release|Any CPU
	EndGlobalSection
	GlobalSection(ProjectConfigurationPlatforms) = postSolution
		{267F89C4-B29E-C5CC-1235-68C7880DEFE8}.Debug|Any CPU.ActiveCfg = Debug|Any CPU
		{267F89C4-B29E-C5CC-1235-68C7880DEFE8}.Debug|Any CPU.Build.0 = Debug|Any CPU
		{267F89C4-B29E-C5CC-1235-68C7880DEFE8}.Release|Any CPU.ActiveCfg = Release|Any CPU
		{267F89C4-B29E-C5CC-1235-68C7880DEFE8}.Release|Any CPU.Build.0 = Release|Any CPU
	EndGlobalSection
	GlobalSection(SolutionProperties) = preSolution
		HideSolutionNode = FALSE
	EndGlobalSection
	GlobalSection(NestedProjects) = preSolution
		{267F89C4-B29E-C5CC-1235-68C7880DEFE8} = {D82C56D6-B2CD-F611-9E31-04638F7EC30E}
	EndGlobalSection
	GlobalSection(ExtensibilityGlobals) = postSolution
		SolutionGuid = {1ED66E3D-57CC-4948-89BC-E2645E309988}
	EndGlobalSection
EndGlobal
